<?xml version="1.0" encoding="utf-8"?>
<Project ToolsVersion="4.0" xmlns="http://schemas.microsoft.com/developer/msbuild/2003">
  <ItemGroup>
    <Filter Include="src">
      <UniqueIdentifier>{CF8E3F0E-48FC-8445-AA34-C7BC7861C0DE}</UniqueIdentifier>
    </Filter>
    <Filter Include="src\perf_test">
      <UniqueIdentifier>{300B6241-50F9-7346-BF74-E7D001117D9A}</UniqueIdentifier>
    </Filter>
    <Filter Include="src\common">
      <UniqueIdentifier>{A31D7CF0-D302-1C44-A5D5-14DB9782F7EC}</UniqueIdentifier>
    </Filter>
  </ItemGroup>
  <ItemGroup>
    <ClCompile Include="..\..\src\perf_test\test_perf_SOIL2.cpp">
      <Filter>src\perf_test</Filter>
    </ClCompile>
    <ClCompile Include="..\..\src\common\common.cpp">
      <Filter>src\common</Filter>
    </ClCompile>
  </ItemGroup>
</Project>
